
Microsoft Visual Studio Solution File, Format Version 12.00
# Visual Studio Version 17
VisualStudioVersion = 17.2.32516.85
MinimumVisualStudioVersion = 10.0.40219.1
Project("{9A19103F-16F7-4668-BE54-9A1E7A4F7556}") = "Adressverwaltung", "Adressdaten\Adressverwaltung.csproj", "{05819F36-7CAD-4677-8B1F-99A5F086E537}"
EndProject
Project("{FAE04EC0-301F-11D3-BF4B-00C04F79EFBC}") = "MainWindow", "MainWindow\MainWindow.csproj", "{97B59CEF-DF60-47A4-94B7-10304B2AB5B6}"
EndProject
Global
	GlobalSection(SolutionConfigurationPlatforms) = preSolution
		Debug|Any CPU = Debug|Any CPU
		Release|Any CPU = Release|Any CPU
	EndGlobalSection
	GlobalSection(ProjectConfigurationPlatforms) = postSolution
		{05819F36-7CAD-4677-8B1F-99A5F086E537}.Debug|Any CPU.ActiveCfg = Debug|Any CPU
		{05819F36-7CAD-4677-8B1F-99A5F086E537}.Debug|Any CPU.Build.0 = Debug|Any CPU
		{05819F36-7CAD-4677-8B1F-99A5F086E537}.Release|Any CPU.ActiveCfg = Release|Any CPU
		{05819F36-7CAD-4677-8B1F-99A5F086E537}.Release|Any CPU.Build.0 = Release|Any CPU
		{97B59CEF-DF60-47A4-94B7-10304B2AB5B6}.Debug|Any CPU.ActiveCfg = Debug|Any CPU
		{97B59CEF-DF60-47A4-94B7-10304B2AB5B6}.Debug|Any CPU.Build.0 = Debug|Any CPU
		{97B59CEF-DF60-47A4-94B7-10304B2AB5B6}.Release|Any CPU.ActiveCfg = Release|Any CPU
		{97B59CEF-DF60-47A4-94B7-10304B2AB5B6}.Release|Any CPU.Build.0 = Release|Any CPU
	EndGlobalSection
	GlobalSection(SolutionProperties) = preSolution
		HideSolutionNode = FALSE
	EndGlobalSection
	GlobalSection(ExtensibilityGlobals) = postSolution
		SolutionGuid = {21B1D876-EF18-423C-A51C-E1E8A2EAAE4C}
	EndGlobalSection
EndGlobal
